// !$*UTF8*$!
{
	archiveVersion = 1;
	classes = {
	};
	objectVersion = 48;
	objects = {

/* Begin PBXBuildFile section */
		884F4BF2200FD679009B53D6 /* AppDelegate.m in Sources */ = {isa = PBXBuildFile; fileRef = 884F4BF1200FD679009B53D6 /* AppDelegate.m */; };
		884F4BF5200FD679009B53D6 /* ViewController.m in Sources */ = {isa = PBXBuildFile; fileRef = 884F4BF4200FD679009B53D6 /* ViewController.m */; };
		884F4BF8200FD679009B53D6 /* Main.storyboard in Resources */ = {isa = PBXBuildFile; fileRef = 884F4BF6200FD679009B53D6 /* Main.storyboard */; };
		884F4BFA200FD679009B53D6 /* Assets.xcassets in Resources */ = {isa = PBXBuildFile; fileRef = 884F4BF9200FD679009B53D6 /* Assets.xcassets */; };
		884F4BFD200FD679009B53D6 /* LaunchScreen.storyboard in Resources */ = {isa = PBXBuildFile; fileRef = 884F4BFB200FD679009B53D6 /* LaunchScreen.storyboard */; };
		884F4C00200FD679009B53D6 /* main.m in Sources */ = {isa = PBXBuildFile; fileRef = 884F4BFF200FD679009B53D6 /* main.m */; };
		884F4C08200FD6FE009B53D6 /* SecondViewController.m in Sources */ = {isa = PBXBuildFile; fileRef = 884F4C07200FD6FE009B53D6 /* SecondViewController.m */; };
/* End PBXBuildFile section */

/* Begin PBXFileReference section */
		884F4BED200FD679009B53D6 /* 2-bloque.app */ = {isa = PBXFileReference; explicitFileType = wrapper.application; includeInIndex = 0; path = "2-bloque.app"; sourceTree = BUILT_PRODUCTS_DIR; };
		884F4BF0200FD679009B53D6 /* AppDelegate.h */ = {isa = PBXFileReference; lastKnownFileType = sourcecode.c.h; path = AppDelegate.h; sourceTree = "<group>"; };
		884F4BF1200FD679009B53D6 /* AppDelegate.m */ = {isa = PBXFileReference; lastKnownFileType = sourcecode.c.objc; path = AppDelegate.m; sourceTree = "<group>"; };
		884F4BF3200FD679009B53D6 /* ViewController.h */ = {isa = PBXFileReference; lastKnownFileType = sourcecode.c.h; path = ViewController.h; sourceTree = "<group>"; };
		884F4BF4200FD679009B53D6 /* ViewController.m */ = {isa = PBXFileReference; lastKnownFileType = sourcecode.c.objc; path = ViewController.m; sourceTree = "<group>"; };
		884F4BF7200FD679009B53D6 /* Base */ = {isa = PBXFileReference; lastKnownFileType = file.storyboard; name = Base; path = Base.lproj/Main.storyboard; sourceTree = "<group>"; };
		884F4BF9200FD679009B53D6 /* Assets.xcassets */ = {isa = PBXFileReference; lastKnownFileType = folder.assetcatalog; path = Assets.xcassets; sourceTree = "<group>"; };
		884F4BFC200FD679009B53D6 /* Base */ = {isa = PBXFileReference; lastKnownFileType = file.storyboard; name = Base; path = Base.lproj/LaunchScreen.storyboard; sourceTree = "<group>"; };
		884F4BFE200FD679009B53D6 /* Info.plist */ = {isa = PBXFileReference; lastKnownFileType = text.plist.xml; path = Info.plist; sourceTree = "<group>"; };
		884F4BFF200FD679009B53D6 /* main.m */ = {isa = PBXFileReference; lastKnownFileType = sourcecode.c.objc; path = main.m; sourceTree = "<group>"; };
		884F4C06200FD6FE009B53D6 /* SecondViewController.h */ = {isa = PBXFileReference; lastKnownFileType = sourcecode.c.h; path = SecondViewController.h; sourceTree = "<group>"; };
		884F4C07200FD6FE009B53D6 /* SecondViewController.m */ = {isa = PBXFileReference; lastKnownFileType = sourcecode.c.objc; path = SecondViewController.m; sourceTree = "<group>"; };
		884F4C09200FDE60009B53D6 /* MyBlock.h */ = {isa = PBXFileReference; lastKnownFileType = sourcecode.c.h; path = MyBlock.h; sourceTree = "<group>"; };
		E4615A7D211897A800365BAD /* ClosureAsVariable.md */ = {isa = PBXFileReference; lastKnownFileType = net.daringfireball.markdown; path = ClosureAsVariable.md; sourceTree = "<group>"; };
/* End PBXFileReference section */

/* Begin PBXFrameworksBuildPhase section */
		884F4BEA200FD679009B53D6 /* Frameworks */ = {
			isa = PBXFrameworksBuildPhase;
			buildActionMask = 2147483647;
			files = (
			);
			runOnlyForDeploymentPostprocessing = 0;
		};
/* End PBXFrameworksBuildPhase section */

/* Begin PBXGroup section */
		884F4BE4200FD679009B53D6 = {
			isa = PBXGroup;
			children = (
				E4615A7D211897A800365BAD /* ClosureAsVariable.md */,
				884F4BEF200FD679009B53D6 /* 2-bloque */,
				884F4BEE200FD679009B53D6 /* Products */,
			);
			sourceTree = "<group>";
		};
		884F4BEE200FD679009B53D6 /* Products */ = {
			isa = PBXGroup;
			children = (
				884F4BED200FD679009B53D6 /* 2-bloque.app */,
			);
			name = Products;
			sourceTree = "<group>";
		};
		884F4BEF200FD679009B53D6 /* 2-bloque */ = {
			isa = PBXGroup;
			children = (
				884F4BF0200FD679009B53D6 /* AppDelegate.h */,
				884F4BF1200FD679009B53D6 /* AppDelegate.m */,
				884F4BF3200FD679009B53D6 /* ViewController.h */,
				884F4BF4200FD679009B53D6 /* ViewController.m */,
				884F4BF6200FD679009B53D6 /* Main.storyboard */,
				884F4BF9200FD679009B53D6 /* Assets.xcassets */,
				884F4BFB200FD679009B53D6 /* LaunchScreen.storyboard */,
				884F4BFE200FD679009B53D6 /* Info.plist */,
				884F4BFF200FD679009B53D6 /* main.m */,
				884F4C06200FD6FE009B53D6 /* SecondViewController.h */,
				884F4C07200FD6FE009B53D6 /* SecondViewController.m */,
				884F4C09200FDE60009B53D6 /* MyBlock.h */,
			);
			path = "2-bloque";
			sourceTree = "<group>";
		};
/* End PBXGroup section */

/* Begin PBXNativeTarget section */
		884F4BEC200FD679009B53D6 /* 2-bloque */ = {
			isa = PBXNativeTarget;
			buildConfigurationList = 884F4C03200FD679009B53D6 /* Build configuration list for PBXNativeTarget "2-bloque" */;
			buildPhases = (
				884F4BE9200FD679009B53D6 /* Sources */,
				884F4BEA200FD679009B53D6 /* Frameworks */,
				884F4BEB200FD679009B53D6 /* Resources */,
			);
			buildRules = (
			);
			dependencies = (
			);
			name = "2-bloque";
			productName = "2-bloque";
			productReference = 884F4BED200FD679009B53D6 /* 2-bloque.app */;
			productType = "com.apple.product-type.application";
		};
/* End PBXNativeTarget section */

/* Begin PBXProject section */
		884F4BE5200FD679009B53D6 /* Project object */ = {
			isa = PBXProject;
			attributes = {
				LastUpgradeCheck = 0940;
				ORGANIZATIONNAME = "Victor ";
				TargetAttributes = {
					884F4BEC200FD679009B53D6 = {
						CreatedOnToolsVersion = 9.0;
						ProvisioningStyle = Automatic;
					};
				};
			};
			buildConfigurationList = 884F4BE8200FD679009B53D6 /* Build configuration list for PBXProject "2-bloque" */;
			compatibilityVersion = "Xcode 8.0";
			developmentRegion = en;
			hasScannedForEncodings = 0;
			knownRegions = (
				en,
				Base,
			);
			mainGroup = 884F4BE4200FD679009B53D6;
			productRefGroup = 884F4BEE200FD679009B53D6 /* Products */;
			projectDirPath = "";
			projectRoot = "";
			targets = (
				884F4BEC200FD679009B53D6 /* 2-bloque */,
			);
		};
/* End PBXProject section */

/* Begin PBXResourcesBuildPhase section */
		884F4BEB200FD679009B53D6 /* Resources */ = {
			isa = PBXResourcesBuildPhase;
			buildActionMask = 2147483647;
			files = (
				884F4BFD200FD679009B53D6 /* LaunchScreen.storyboard in Resources */,
				884F4BFA200FD679009B53D6 /* Assets.xcassets in Resources */,
				884F4BF8200FD679009B53D6 /* Main.storyboard in Resources */,
			);
			runOnlyForDeploymentPostprocessing = 0;
		};
/* End PBXResourcesBuildPhase section */

/* Begin PBXSourcesBuildPhase section */
		884F4BE9200FD679009B53D6 /* Sources */ = {
			isa = PBXSourcesBuildPhase;
			buildActionMask = 2147483647;
			files = (
				884F4BF5200FD679009B53D6 /* ViewController.m in Sources */,
				884F4C00200FD679009B53D6 /* main.m in Sources */,
				884F4C08200FD6FE009B53D6 /* SecondViewController.m in Sources */,
				884F4BF2200FD679009B53D6 /* AppDelegate.m in Sources */,
			);
			runOnlyForDeploymentPostprocessing = 0;
		};
/* End PBXSourcesBuildPhase section */

/* Begin PBXVariantGroup section */
		884F4BF6200FD679009B53D6 /* Main.storyboard */ = {
			isa = PBXVariantGroup;
			children = (
				884F4BF7200FD679009B53D6 /* Base */,
			);
			name = Main.storyboard;
			sourceTree = "<group>";
		};
		884F4BFB200FD679009B53D6 /* LaunchScreen.storyboard */ = {
			isa = PBXVariantGroup;
			children = (
				884F4BFC200FD679009B53D6 /* Base */,
			);
			name = LaunchScreen.storyboard;
			sourceTree = "<group>";
		};
/* End PBXVariantGroup section */

/* Begin XCBuildConfiguration section */
		884F4C01200FD679009B53D6 /* Debug */ = {
			isa = XCBuildConfiguration;
			buildSettings = {
				ALWAYS_SEARCH_USER_PATHS = NO;
				CLANG_ANALYZER_NONNULL = YES;
				CLANG_ANALYZER_NUMBER_OBJECT_CONVERSION = YES_AGGRESSIVE;
				CLANG_CXX_LANGUAGE_STANDARD = "gnu++14";
				CLANG_CXX_LIBRARY = "libc++";
				CLANG_ENABLE_MODULES = YES;
				CLANG_ENABLE_OBJC_ARC = YES;
				CLANG_WARN_BLOCK_CAPTURE_AUTORELEASING = YES;
				CLANG_WARN_BOOL_CONVERSION = YES;
				CLANG_WARN_COMMA = YES;
				CLANG_WARN_CONSTANT_CONVERSION = YES;
				CLANG_WARN_DEPRECATED_OBJC_IMPLEMENTATIONS = YES;
				CLANG_WARN_DIRECT_OBJC_ISA_USAGE = YES_ERROR;
				CLANG_WARN_DOCUMENTATION_COMMENTS = YES;
				CLANG_WARN_EMPTY_BODY = YES;
				CLANG_WARN_ENUM_CONVERSION = YES;
				CLANG_WARN_INFINITE_RECURSION = YES;
				CLANG_WARN_INT_CONVERSION = YES;
				CLANG_WARN_NON_LITERAL_NULL_CONVERSION = YES;
				CLANG_WARN_OBJC_IMPLICIT_RETAIN_SELF = YES;
				CLANG_WARN_OBJC_LITERAL_CONVERSION = YES;
				CLANG_WARN_OBJC_ROOT_CLASS = YES_ERROR;
				CLANG_WARN_RANGE_LOOP_ANALYSIS = YES;
				CLANG_WARN_STRICT_PROTOTYPES = YES;
				CLANG_WARN_SUSPICIOUS_MOVE = YES;
				CLANG_WARN_UNGUARDED_AVAILABILITY = YES_AGGRESSIVE;
				CLANG_WARN_UNREACHABLE_CODE = YES;
				CLANG_WARN__DUPLICATE_METHOD_MATCH = YES;
				CODE_SIGN_IDENTITY = "iPhone Developer";
				COPY_PHASE_STRIP = NO;
				DEBUG_INFORMATION_FORMAT = dwarf;
				ENABLE_STRICT_OBJC_MSGSEND = YES;
				ENABLE_TESTABILITY = YES;
				GCC_C_LANGUAGE_STANDARD = gnu11;
				GCC_DYNAMIC_NO_PIC = NO;
				GCC_NO_COMMON_BLOCKS = YES;
				GCC_OPTIMIZATION_LEVEL = 0;
				GCC_PREPROCESSOR_DEFINITIONS = (
					"DEBUG=1",
					"$(inherited)",
				);
				GCC_WARN_64_TO_32_BIT_CONVERSION = YES;
				GCC_WARN_ABOUT_RETURN_TYPE = YES_ERROR;
				GCC_WARN_UNDECLARED_SELECTOR = YES;
				GCC_WARN_UNINITIALIZED_AUTOS = YES_AGGRESSIVE;
				GCC_WARN_UNUSED_FUNCTION = YES;
				GCC_WARN_UNUSED_VARIABLE = YES;
				IPHONEOS_DEPLOYMENT_TARGET = 11.0;
				MTL_ENABLE_DEBUG_INFO = YES;
				ONLY_ACTIVE_ARCH = YES;
				SDKROOT = iphoneos;
			};
			name = Debug;
		};
		884F4C02200FD679009B53D6 /* Release */ = {
			isa = XCBuildConfiguration;
			buildSettings = {
				ALWAYS_SEARCH_USER_PATHS = NO;
				CLANG_ANALYZER_NONNULL = YES;
				CLANG_ANALYZER_NUMBER_OBJECT_CONVERSION = YES_AGGRESSIVE;
				CLANG_CXX_LANGUAGE_STANDARD = "gnu++14";
				CLANG_CXX_LIBRARY = "libc++";
				CLANG_ENABLE_MODULES = YES;
				CLANG_ENABLE_OBJC_ARC = YES;
				CLANG_WARN_BLOCK_CAPTURE_AUTORELEASING = YES;
				CLANG_WARN_BOOL_CONVERSION = YES;
				CLANG_WARN_COMMA = YES;
				CLANG_WARN_CONSTANT_CONVERSION = YES;
				CLANG_WARN_DEPRECATED_OBJC_IMPLEMENTATIONS = YES;
				CLANG_WARN_DIRECT_OBJC_ISA_USAGE = YES_ERROR;
				CLANG_WARN_DOCUMENTATION_COMMENTS = YES;
				CLANG_WARN_EMPTY_BODY = YES;
				CLANG_WARN_ENUM_CONVERSION = YES;
				CLANG_WARN_INFINITE_RECURSION = YES;
				CLANG_WARN_INT_CONVERSION = YES;
				CLANG_WARN_NON_LITERAL_NULL_CONVERSION = YES;
				CLANG_WARN_OBJC_IMPLICIT_RETAIN_SELF = YES;
				CLANG_WARN_OBJC_LITERAL_CONVERSION = YES;
				CLANG_WARN_OBJC_ROOT_CLASS = YES_ERROR;
				CLANG_WARN_RANGE_LOOP_ANALYSIS = YES;
				CLANG_WARN_STRICT_PROTOTYPES = YES;
				CLANG_WARN_SUSPICIOUS_MOVE = YES;
				CLANG_WARN_UNGUARDED_AVAILABILITY = YES_AGGRESSIVE;
				CLANG_WARN_UNREACHABLE_CODE = YES;
				CLANG_WARN__DUPLICATE_METHOD_MATCH = YES;
				CODE_SIGN_IDENTITY = "iPhone Developer";
				COPY_PHASE_STRIP = NO;
				DEBUG_INFORMATION_FORMAT = "dwarf-with-dsym";
				ENABLE_NS_ASSERTIONS = NO;
				ENABLE_STRICT_OBJC_MSGSEND = YES;
				GCC_C_LANGUAGE_STANDARD = gnu11;
				GCC_NO_COMMON_BLOCKS = YES;
				GCC_WARN_64_TO_32_BIT_CONVERSION = YES;
				GCC_WARN_ABOUT_RETURN_TYPE = YES_ERROR;
				GCC_WARN_UNDECLARED_SELECTOR = YES;
				GCC_WARN_UNINITIALIZED_AUTOS = YES_AGGRESSIVE;
				GCC_WARN_UNUSED_FUNCTION = YES;
				GCC_WARN_UNUSED_VARIABLE = YES;
				IPHONEOS_DEPLOYMENT_TARGET = 11.0;
				MTL_ENABLE_DEBUG_INFO = NO;
				SDKROOT = iphoneos;
				VALIDATE_PRODUCT = YES;
			};
			name = Release;
		};
		884F4C04200FD679009B53D6 /* Debug */ = {
			isa = XCBuildConfiguration;
			buildSettings = {
				ASSETCATALOG_COMPILER_APPICON_NAME = AppIcon;
				CODE_SIGN_STYLE = Automatic;
				INFOPLIST_FILE = "2-bloque/Info.plist";
				LD_RUNPATH_SEARCH_PATHS = "$(inherited) @executable_path/Frameworks";
				PRODUCT_BUNDLE_IDENTIFIER = "com.company.--bloque";
				PRODUCT_NAME = "$(TARGET_NAME)";
				TARGETED_DEVICE_FAMILY = "1,2";
			};
			name = Debug;
		};
		884F4C05200FD679009B53D6 /* Release */ = {
			isa = XCBuildConfiguration;
			buildSettings = {
				ASSETCATALOG_COMPILER_APPICON_NAME = AppIcon;
				CODE_SIGN_STYLE = Automatic;
				INFOPLIST_FILE = "2-bloque/Info.plist";
				LD_RUNPATH_SEARCH_PATHS = "$(inherited) @executable_path/Frameworks";
				PRODUCT_BUNDLE_IDENTIFIER = "com.company.--bloque";
				PRODUCT_NAME = "$(TARGET_NAME)";
				TARGETED_DEVICE_FAMILY = "1,2";
			};
			name = Release;
		};
/* End XCBuildConfiguration section */

/* Begin XCConfigurationList section */
		884F4BE8200FD679009B53D6 /* Build configuration list for PBXProject "2-bloque" */ = {
			isa = XCConfigurationList;
			buildConfigurations = (
				884F4C01200FD679009B53D6 /* Debug */,
				884F4C02200FD679009B53D6 /* Release */,
			);
			defaultConfigurationIsVisible = 0;
			defaultConfigurationName = Release;
		};
		884F4C03200FD679009B53D6 /* Build configuration list for PBXNativeTarget "2-bloque" */ = {
			isa = XCConfigurationList;
			buildConfigurations = (
				884F4C04200FD679009B53D6 /* Debug */,
				884F4C05200FD679009B53D6 /* Release */,
			);
			defaultConfigurationIsVisible = 0;
			defaultConfigurationName = Release;
		};
/* End XCConfigurationList section */
	};
	rootObject = 884F4BE5200FD679009B53D6 /* Project object */;
}
